
Microsoft Visual Studio Solution File, Format Version 11.00
# Visual Studio 2010
Project("{FAE04EC0-301F-11D3-BF4B-00C04F79EFBC}") = "MarketPlaceWebsite", "MarketPlaceWebsite\MarketPlaceWebsite.csproj", "{56FF9A1A-23CC-4DA9-800D-0E1871818F29}"
EndProject
Project("{FAE04EC0-301F-11D3-BF4B-00C04F79EFBC}") = "MarketPlaceWebsite.Tests", "MarketPlaceWebsite.Tests\MarketPlaceWebsite.Tests.csproj", "{FCD1BD8A-BEBE-400D-BFB4-53D73ED2CA62}"
EndProject
Project("{FAE04EC0-301F-11D3-BF4B-00C04F79EFBC}") = "Business", "Business\Business.csproj", "{BC47CEF3-2388-49E5-8465-1885A2246622}"
EndProject
Project("{FAE04EC0-301F-11D3-BF4B-00C04F79EFBC}") = "DataLayer", "DataLayer\DataLayer.csproj", "{158242A3-A57B-4D46-8BC7-249BD2326339}"
EndProject
Project("{FAE04EC0-301F-11D3-BF4B-00C04F79EFBC}") = "CommonLayer", "CommonLayer\CommonLayer.csproj", "{4D9BD9B7-39D5-4C5B-A1D3-8F006983B999}"
EndProject
Global
	GlobalSection(SolutionConfigurationPlatforms) = preSolution
		Debug|Any CPU = Debug|Any CPU
		Release|Any CPU = Release|Any CPU
	EndGlobalSection
	GlobalSection(ProjectConfigurationPlatforms) = postSolution
		{56FF9A1A-23CC-4DA9-800D-0E1871818F29}.Debug|Any CPU.ActiveCfg = Debug|Any CPU
		{56FF9A1A-23CC-4DA9-800D-0E1871818F29}.Debug|Any CPU.Build.0 = Debug|Any CPU
		{56FF9A1A-23CC-4DA9-800D-0E1871818F29}.Release|Any CPU.ActiveCfg = Release|Any CPU
		{56FF9A1A-23CC-4DA9-800D-0E1871818F29}.Release|Any CPU.Build.0 = Release|Any CPU
		{FCD1BD8A-BEBE-400D-BFB4-53D73ED2CA62}.Debug|Any CPU.ActiveCfg = Debug|Any CPU
		{FCD1BD8A-BEBE-400D-BFB4-53D73ED2CA62}.Debug|Any CPU.Build.0 = Debug|Any CPU
		{FCD1BD8A-BEBE-400D-BFB4-53D73ED2CA62}.Release|Any CPU.ActiveCfg = Release|Any CPU
		{FCD1BD8A-BEBE-400D-BFB4-53D73ED2CA62}.Release|Any CPU.Build.0 = Release|Any CPU
		{BC47CEF3-2388-49E5-8465-1885A2246622}.Debug|Any CPU.ActiveCfg = Debug|Any CPU
		{BC47CEF3-2388-49E5-8465-1885A2246622}.Debug|Any CPU.Build.0 = Debug|Any CPU
		{BC47CEF3-2388-49E5-8465-1885A2246622}.Release|Any CPU.ActiveCfg = Release|Any CPU
		{BC47CEF3-2388-49E5-8465-1885A2246622}.Release|Any CPU.Build.0 = Release|Any CPU
		{158242A3-A57B-4D46-8BC7-249BD2326339}.Debug|Any CPU.ActiveCfg = Debug|Any CPU
		{158242A3-A57B-4D46-8BC7-249BD2326339}.Debug|Any CPU.Build.0 = Debug|Any CPU
		{158242A3-A57B-4D46-8BC7-249BD2326339}.Release|Any CPU.ActiveCfg = Release|Any CPU
		{158242A3-A57B-4D46-8BC7-249BD2326339}.Release|Any CPU.Build.0 = Release|Any CPU
		{4D9BD9B7-39D5-4C5B-A1D3-8F006983B999}.Debug|Any CPU.ActiveCfg = Debug|Any CPU
		{4D9BD9B7-39D5-4C5B-A1D3-8F006983B999}.Debug|Any CPU.Build.0 = Debug|Any CPU
		{4D9BD9B7-39D5-4C5B-A1D3-8F006983B999}.Release|Any CPU.ActiveCfg = Release|Any CPU
		{4D9BD9B7-39D5-4C5B-A1D3-8F006983B999}.Release|Any CPU.Build.0 = Release|Any CPU
	EndGlobalSection
	GlobalSection(SolutionProperties) = preSolution
		HideSolutionNode = FALSE
	EndGlobalSection
EndGlobal
